
Microsoft Visual Studio Solution File, Format Version 12.00
# Visual Studio Version 16
VisualStudioVersion = 16.0.32106.194
MinimumVisualStudioVersion = 10.0.40219.1
Project("{8BC9CEB8-8B4A-11D0-8D11-00A0C91BC942}") = "linear", "linear\linear.vcxproj", "{D016996A-60FB-4426-8267-E173A4D2BCC5}"
EndProject
Global
	GlobalSection(SolutionConfigurationPlatforms) = preSolution
		Debug|x64 = Debug|x64
		Debug|x86 = Debug|x86
		Release|x64 = Release|x64
		Release|x86 = Release|x86
	EndGlobalSection
	GlobalSection(ProjectConfigurationPlatforms) = postSolution
		{D016996A-60FB-4426-8267-E173A4D2BCC5}.Debug|x64.ActiveCfg = Debug|x64
		{D016996A-60FB-4426-8267-E173A4D2BCC5}.Debug|x64.Build.0 = Debug|x64
		{D016996A-60FB-4426-8267-E173A4D2BCC5}.Debug|x86.ActiveCfg = Debug|Win32
		{D016996A-60FB-4426-8267-E173A4D2BCC5}.Debug|x86.Build.0 = Debug|Win32
		{D016996A-60FB-4426-8267-E173A4D2BCC5}.Release|x64.ActiveCfg = Release|x64
		{D016996A-60FB-4426-8267-E173A4D2BCC5}.Release|x64.Build.0 = Release|x64
		{D016996A-60FB-4426-8267-E173A4D2BCC5}.Release|x86.ActiveCfg = Release|Win32
		{D016996A-60FB-4426-8267-E173A4D2BCC5}.Release|x86.Build.0 = Release|Win32
	EndGlobalSection
	GlobalSection(SolutionProperties) = preSolution
		HideSolutionNode = FALSE
	EndGlobalSection
	GlobalSection(ExtensibilityGlobals) = postSolution
		SolutionGuid = {91CA4CD7-20CF-41E3-ACF8-30F803AE0ABF}
	EndGlobalSection
EndGlobal
