
Microsoft Visual Studio Solution File, Format Version 12.00
# Visual Studio Version 16
VisualStudioVersion = 16.0.32106.194
MinimumVisualStudioVersion = 10.0.40219.1
Project("{8BC9CEB8-8B4A-11D0-8D11-00A0C91BC942}") = "Homework1", "Homework1\Homework1.vcxproj", "{E43AB6DA-45D1-40E3-A09A-FC074C159DAF}"
EndProject
Global
	GlobalSection(SolutionConfigurationPlatforms) = preSolution
		Debug|x64 = Debug|x64
		Debug|x86 = Debug|x86
		Release|x64 = Release|x64
		Release|x86 = Release|x86
	EndGlobalSection
	GlobalSection(ProjectConfigurationPlatforms) = postSolution
		{E43AB6DA-45D1-40E3-A09A-FC074C159DAF}.Debug|x64.ActiveCfg = Debug|x64
		{E43AB6DA-45D1-40E3-A09A-FC074C159DAF}.Debug|x64.Build.0 = Debug|x64
		{E43AB6DA-45D1-40E3-A09A-FC074C159DAF}.Debug|x86.ActiveCfg = Debug|Win32
		{E43AB6DA-45D1-40E3-A09A-FC074C159DAF}.Debug|x86.Build.0 = Debug|Win32
		{E43AB6DA-45D1-40E3-A09A-FC074C159DAF}.Release|x64.ActiveCfg = Release|x64
		{E43AB6DA-45D1-40E3-A09A-FC074C159DAF}.Release|x64.Build.0 = Release|x64
		{E43AB6DA-45D1-40E3-A09A-FC074C159DAF}.Release|x86.ActiveCfg = Release|Win32
		{E43AB6DA-45D1-40E3-A09A-FC074C159DAF}.Release|x86.Build.0 = Release|Win32
	EndGlobalSection
	GlobalSection(SolutionProperties) = preSolution
		HideSolutionNode = FALSE
	EndGlobalSection
	GlobalSection(ExtensibilityGlobals) = postSolution
		SolutionGuid = {28D5EC29-898B-4760-B23D-ED10C8F6572C}
	EndGlobalSection
EndGlobal
